
Microsoft Visual Studio Solution File, Format Version 12.00
# Visual Studio Version 16
VisualStudioVersion = 16.0.28621.142
MinimumVisualStudioVersion = 10.0.40219.1
Project("{F184B08F-C81C-45F6-A57F-5ABD9991F28F}") = "idk", "idk\idk.vbproj", "{B684C92C-D216-4C3D-86E2-AFA92417FC78}"
EndProject
Global
	GlobalSection(SolutionConfigurationPlatforms) = preSolution
		Debug|Any CPU = Debug|Any CPU
		Release|Any CPU = Release|Any CPU
	EndGlobalSection
	GlobalSection(ProjectConfigurationPlatforms) = postSolution
		{B684C92C-D216-4C3D-86E2-AFA92417FC78}.Debug|Any CPU.ActiveCfg = Debug|Any CPU
		{B684C92C-D216-4C3D-86E2-AFA92417FC78}.Debug|Any CPU.Build.0 = Debug|Any CPU
		{B684C92C-D216-4C3D-86E2-AFA92417FC78}.Release|Any CPU.ActiveCfg = Release|Any CPU
		{B684C92C-D216-4C3D-86E2-AFA92417FC78}.Release|Any CPU.Build.0 = Release|Any CPU
	EndGlobalSection
	GlobalSection(SolutionProperties) = preSolution
		HideSolutionNode = FALSE
	EndGlobalSection
	GlobalSection(ExtensibilityGlobals) = postSolution
		SolutionGuid = {0AF2DBB9-70F5-4E33-BB84-19D7F2658468}
	EndGlobalSection
EndGlobal
